
Microsoft Visual Studio Solution File, Format Version 12.00
# Visual Studio Version 16
VisualStudioVersion = 16.0.30621.155
MinimumVisualStudioVersion = 10.0.40219.1
Project("{8BC9CEB8-8B4A-11D0-8D11-00A0C91BC942}") = "Reversi", "Reversi\Reversi.vcxproj", "{8837B579-2050-4306-A75F-906BACC68C8D}"
EndProject
Global
	GlobalSection(SolutionConfigurationPlatforms) = preSolution
		Debug|x64 = Debug|x64
		Debug|x86 = Debug|x86
		Release|x64 = Release|x64
		Release|x86 = Release|x86
	EndGlobalSection
	GlobalSection(ProjectConfigurationPlatforms) = postSolution
		{8837B579-2050-4306-A75F-906BACC68C8D}.Debug|x64.ActiveCfg = Debug|x64
		{8837B579-2050-4306-A75F-906BACC68C8D}.Debug|x64.Build.0 = Debug|x64
		{8837B579-2050-4306-A75F-906BACC68C8D}.Debug|x86.ActiveCfg = Debug|Win32
		{8837B579-2050-4306-A75F-906BACC68C8D}.Debug|x86.Build.0 = Debug|Win32
		{8837B579-2050-4306-A75F-906BACC68C8D}.Release|x64.ActiveCfg = Release|x64
		{8837B579-2050-4306-A75F-906BACC68C8D}.Release|x64.Build.0 = Release|x64
		{8837B579-2050-4306-A75F-906BACC68C8D}.Release|x86.ActiveCfg = Release|Win32
		{8837B579-2050-4306-A75F-906BACC68C8D}.Release|x86.Build.0 = Release|Win32
	EndGlobalSection
	GlobalSection(SolutionProperties) = preSolution
		HideSolutionNode = FALSE
	EndGlobalSection
	GlobalSection(ExtensibilityGlobals) = postSolution
		SolutionGuid = {8E8EF6A9-324A-4F8A-9D6D-0033845B36CD}
	EndGlobalSection
EndGlobal
